
Microsoft Visual Studio Solution File, Format Version 12.00
# Visual Studio 15
VisualStudioVersion = 15.0.28307.329
MinimumVisualStudioVersion = 10.0.40219.1
Project("{FAE04EC0-301F-11D3-BF4B-00C04F79EFBC}") = "BitwiseCalculator", "BitwiseCalculator\BitwiseCalculator.csproj", "{7BF6871E-8C66-409F-9658-69F476EDADDD}"
EndProject
Global
	GlobalSection(SolutionConfigurationPlatforms) = preSolution
		Debug|Any CPU = Debug|Any CPU
		Release|Any CPU = Release|Any CPU
	EndGlobalSection
	GlobalSection(ProjectConfigurationPlatforms) = postSolution
		{7BF6871E-8C66-409F-9658-69F476EDADDD}.Debug|Any CPU.ActiveCfg = Debug|Any CPU
		{7BF6871E-8C66-409F-9658-69F476EDADDD}.Debug|Any CPU.Build.0 = Debug|Any CPU
		{7BF6871E-8C66-409F-9658-69F476EDADDD}.Release|Any CPU.ActiveCfg = Release|Any CPU
		{7BF6871E-8C66-409F-9658-69F476EDADDD}.Release|Any CPU.Build.0 = Release|Any CPU
	EndGlobalSection
	GlobalSection(SolutionProperties) = preSolution
		HideSolutionNode = FALSE
	EndGlobalSection
	GlobalSection(ExtensibilityGlobals) = postSolution
		SolutionGuid = {3AF00727-4433-49AE-832F-7D448A56B880}
	EndGlobalSection
EndGlobal
